// !$*UTF8*$!
{
	archiveVersion = 1;
	classes = {
	};
	objectVersion = 50;
	objects = {

/* Begin PBXBuildFile section */
		1BC06B892241B39700F6FEC6 /* AppDelegate.swift in Sources */ = {isa = PBXBuildFile; fileRef = 1BC06B882241B39700F6FEC6 /* AppDelegate.swift */; };
		1BC06B8B2241B39700F6FEC6 /* art.scnassets in Resources */ = {isa = PBXBuildFile; fileRef = 1BC06B8A2241B39700F6FEC6 /* art.scnassets */; };
		1BC06B8D2241B39700F6FEC6 /* ViewController.swift in Sources */ = {isa = PBXBuildFile; fileRef = 1BC06B8C2241B39700F6FEC6 /* ViewController.swift */; };
		1BC06B902241B39700F6FEC6 /* Main.storyboard in Resources */ = {isa = PBXBuildFile; fileRef = 1BC06B8E2241B39700F6FEC6 /* Main.storyboard */; };
		1BC06B922241B39800F6FEC6 /* Assets.xcassets in Resources */ = {isa = PBXBuildFile; fileRef = 1BC06B912241B39800F6FEC6 /* Assets.xcassets */; };
		1BC06B952241B39800F6FEC6 /* LaunchScreen.storyboard in Resources */ = {isa = PBXBuildFile; fileRef = 1BC06B932241B39800F6FEC6 /* LaunchScreen.storyboard */; };
		1BC06B9D2241B3F700F6FEC6 /* Apple1984.mp4 in Resources */ = {isa = PBXBuildFile; fileRef = 1BC06B9C2241B3F700F6FEC6 /* Apple1984.mp4 */; };
/* End PBXBuildFile section */

/* Begin PBXFileReference section */
		1BC06B852241B39700F6FEC6 /* Apple1984.app */ = {isa = PBXFileReference; explicitFileType = wrapper.application; includeInIndex = 0; path = Apple1984.app; sourceTree = BUILT_PRODUCTS_DIR; };
		1BC06B882241B39700F6FEC6 /* AppDelegate.swift */ = {isa = PBXFileReference; lastKnownFileType = sourcecode.swift; path = AppDelegate.swift; sourceTree = "<group>"; };
		1BC06B8A2241B39700F6FEC6 /* art.scnassets */ = {isa = PBXFileReference; lastKnownFileType = wrapper.scnassets; path = art.scnassets; sourceTree = "<group>"; };
		1BC06B8C2241B39700F6FEC6 /* ViewController.swift */ = {isa = PBXFileReference; lastKnownFileType = sourcecode.swift; path = ViewController.swift; sourceTree = "<group>"; };
		1BC06B8F2241B39700F6FEC6 /* Base */ = {isa = PBXFileReference; lastKnownFileType = file.storyboard; name = Base; path = Base.lproj/Main.storyboard; sourceTree = "<group>"; };
		1BC06B912241B39800F6FEC6 /* Assets.xcassets */ = {isa = PBXFileReference; lastKnownFileType = folder.assetcatalog; path = Assets.xcassets; sourceTree = "<group>"; };
		1BC06B942241B39800F6FEC6 /* Base */ = {isa = PBXFileReference; lastKnownFileType = file.storyboard; name = Base; path = Base.lproj/LaunchScreen.storyboard; sourceTree = "<group>"; };
		1BC06B962241B39800F6FEC6 /* Info.plist */ = {isa = PBXFileReference; lastKnownFileType = text.plist.xml; path = Info.plist; sourceTree = "<group>"; };
		1BC06B9C2241B3F700F6FEC6 /* Apple1984.mp4 */ = {isa = PBXFileReference; lastKnownFileType = file; path = Apple1984.mp4; sourceTree = "<group>"; };
/* End PBXFileReference section */

/* Begin PBXFrameworksBuildPhase section */
		1BC06B822241B39700F6FEC6 /* Frameworks */ = {
			isa = PBXFrameworksBuildPhase;
			buildActionMask = 2147483647;
			files = (
			);
			runOnlyForDeploymentPostprocessing = 0;
		};
/* End PBXFrameworksBuildPhase section */

/* Begin PBXGroup section */
		1BC06B7C2241B39700F6FEC6 = {
			isa = PBXGroup;
			children = (
				1BC06B872241B39700F6FEC6 /* Apple1984 */,
				1BC06B862241B39700F6FEC6 /* Products */,
			);
			sourceTree = "<group>";
		};
		1BC06B862241B39700F6FEC6 /* Products */ = {
			isa = PBXGroup;
			children = (
				1BC06B852241B39700F6FEC6 /* Apple1984.app */,
			);
			name = Products;
			sourceTree = "<group>";
		};
		1BC06B872241B39700F6FEC6 /* Apple1984 */ = {
			isa = PBXGroup;
			children = (
				1BC06B9C2241B3F700F6FEC6 /* Apple1984.mp4 */,
				1BC06B882241B39700F6FEC6 /* AppDelegate.swift */,
				1BC06B8A2241B39700F6FEC6 /* art.scnassets */,
				1BC06B8C2241B39700F6FEC6 /* ViewController.swift */,
				1BC06B8E2241B39700F6FEC6 /* Main.storyboard */,
				1BC06B912241B39800F6FEC6 /* Assets.xcassets */,
				1BC06B932241B39800F6FEC6 /* LaunchScreen.storyboard */,
				1BC06B962241B39800F6FEC6 /* Info.plist */,
			);
			path = Apple1984;
			sourceTree = "<group>";
		};
/* End PBXGroup section */

/* Begin PBXNativeTarget section */
		1BC06B842241B39700F6FEC6 /* Apple1984 */ = {
			isa = PBXNativeTarget;
			buildConfigurationList = 1BC06B992241B39800F6FEC6 /* Build configuration list for PBXNativeTarget "Apple1984" */;
			buildPhases = (
				1BC06B812241B39700F6FEC6 /* Sources */,
				1BC06B822241B39700F6FEC6 /* Frameworks */,
				1BC06B832241B39700F6FEC6 /* Resources */,
			);
			buildRules = (
			);
			dependencies = (
			);
			name = Apple1984;
			productName = Apple1984;
			productReference = 1BC06B852241B39700F6FEC6 /* Apple1984.app */;
			productType = "com.apple.product-type.application";
		};
/* End PBXNativeTarget section */

/* Begin PBXProject section */
		1BC06B7D2241B39700F6FEC6 /* Project object */ = {
			isa = PBXProject;
			attributes = {
				LastSwiftUpdateCheck = 1010;
				LastUpgradeCheck = 1010;
				ORGANIZATIONNAME = mumu2plus;
				TargetAttributes = {
					1BC06B842241B39700F6FEC6 = {
						CreatedOnToolsVersion = 10.1;
					};
				};
			};
			buildConfigurationList = 1BC06B802241B39700F6FEC6 /* Build configuration list for PBXProject "Apple1984" */;
			compatibilityVersion = "Xcode 9.3";
			developmentRegion = en;
			hasScannedForEncodings = 0;
			knownRegions = (
				en,
				Base,
			);
			mainGroup = 1BC06B7C2241B39700F6FEC6;
			productRefGroup = 1BC06B862241B39700F6FEC6 /* Products */;
			projectDirPath = "";
			projectRoot = "";
			targets = (
				1BC06B842241B39700F6FEC6 /* Apple1984 */,
			);
		};
/* End PBXProject section */

/* Begin PBXResourcesBuildPhase section */
		1BC06B832241B39700F6FEC6 /* Resources */ = {
			isa = PBXResourcesBuildPhase;
			buildActionMask = 2147483647;
			files = (
				1BC06B8B2241B39700F6FEC6 /* art.scnassets in Resources */,
				1BC06B9D2241B3F700F6FEC6 /* Apple1984.mp4 in Resources */,
				1BC06B952241B39800F6FEC6 /* LaunchScreen.storyboard in Resources */,
				1BC06B922241B39800F6FEC6 /* Assets.xcassets in Resources */,
				1BC06B902241B39700F6FEC6 /* Main.storyboard in Resources */,
			);
			runOnlyForDeploymentPostprocessing = 0;
		};
/* End PBXResourcesBuildPhase section */

/* Begin PBXSourcesBuildPhase section */
		1BC06B812241B39700F6FEC6 /* Sources */ = {
			isa = PBXSourcesBuildPhase;
			buildActionMask = 2147483647;
			files = (
				1BC06B8D2241B39700F6FEC6 /* ViewController.swift in Sources */,
				1BC06B892241B39700F6FEC6 /* AppDelegate.swift in Sources */,
			);
			runOnlyForDeploymentPostprocessing = 0;
		};
/* End PBXSourcesBuildPhase section */

/* Begin PBXVariantGroup section */
		1BC06B8E2241B39700F6FEC6 /* Main.storyboard */ = {
			isa = PBXVariantGroup;
			children = (
				1BC06B8F2241B39700F6FEC6 /* Base */,
			);
			name = Main.storyboard;
			sourceTree = "<group>";
		};
		1BC06B932241B39800F6FEC6 /* LaunchScreen.storyboard */ = {
			isa = PBXVariantGroup;
			children = (
				1BC06B942241B39800F6FEC6 /* Base */,
			);
			name = LaunchScreen.storyboard;
			sourceTree = "<group>";
		};
/* End PBXVariantGroup section */

/* Begin XCBuildConfiguration section */
		1BC06B972241B39800F6FEC6 /* Debug */ = {
			isa = XCBuildConfiguration;
			buildSettings = {
				ALWAYS_SEARCH_USER_PATHS = NO;
				CLANG_ANALYZER_NONNULL = YES;
				CLANG_ANALYZER_NUMBER_OBJECT_CONVERSION = YES_AGGRESSIVE;
				CLANG_CXX_LANGUAGE_STANDARD = "gnu++14";
				CLANG_CXX_LIBRARY = "libc++";
				CLANG_ENABLE_MODULES = YES;
				CLANG_ENABLE_OBJC_ARC = YES;
				CLANG_ENABLE_OBJC_WEAK = YES;
				CLANG_WARN_BLOCK_CAPTURE_AUTORELEASING = YES;
				CLANG_WARN_BOOL_CONVERSION = YES;
				CLANG_WARN_COMMA = YES;
				CLANG_WARN_CONSTANT_CONVERSION = YES;
				CLANG_WARN_DEPRECATED_OBJC_IMPLEMENTATIONS = YES;
				CLANG_WARN_DIRECT_OBJC_ISA_USAGE = YES_ERROR;
				CLANG_WARN_DOCUMENTATION_COMMENTS = YES;
				CLANG_WARN_EMPTY_BODY = YES;
				CLANG_WARN_ENUM_CONVERSION = YES;
				CLANG_WARN_INFINITE_RECURSION = YES;
				CLANG_WARN_INT_CONVERSION = YES;
				CLANG_WARN_NON_LITERAL_NULL_CONVERSION = YES;
				CLANG_WARN_OBJC_IMPLICIT_RETAIN_SELF = YES;
				CLANG_WARN_OBJC_LITERAL_CONVERSION = YES;
				CLANG_WARN_OBJC_ROOT_CLASS = YES_ERROR;
				CLANG_WARN_RANGE_LOOP_ANALYSIS = YES;
				CLANG_WARN_STRICT_PROTOTYPES = YES;
				CLANG_WARN_SUSPICIOUS_MOVE = YES;
				CLANG_WARN_UNGUARDED_AVAILABILITY = YES_AGGRESSIVE;
				CLANG_WARN_UNREACHABLE_CODE = YES;
				CLANG_WARN__DUPLICATE_METHOD_MATCH = YES;
				CODE_SIGN_IDENTITY = "iPhone Developer";
				COPY_PHASE_STRIP = NO;
				DEBUG_INFORMATION_FORMAT = dwarf;
				ENABLE_STRICT_OBJC_MSGSEND = YES;
				ENABLE_TESTABILITY = YES;
				GCC_C_LANGUAGE_STANDARD = gnu11;
				GCC_DYNAMIC_NO_PIC = NO;
				GCC_NO_COMMON_BLOCKS = YES;
				GCC_OPTIMIZATION_LEVEL = 0;
				GCC_PREPROCESSOR_DEFINITIONS = (
					"DEBUG=1",
					"$(inherited)",
				);
				GCC_WARN_64_TO_32_BIT_CONVERSION = YES;
				GCC_WARN_ABOUT_RETURN_TYPE = YES_ERROR;
				GCC_WARN_UNDECLARED_SELECTOR = YES;
				GCC_WARN_UNINITIALIZED_AUTOS = YES_AGGRESSIVE;
				GCC_WARN_UNUSED_FUNCTION = YES;
				GCC_WARN_UNUSED_VARIABLE = YES;
				IPHONEOS_DEPLOYMENT_TARGET = 12.1;
				MTL_ENABLE_DEBUG_INFO = INCLUDE_SOURCE;
				MTL_FAST_MATH = YES;
				ONLY_ACTIVE_ARCH = YES;
				SDKROOT = iphoneos;
				SWIFT_ACTIVE_COMPILATION_CONDITIONS = DEBUG;
				SWIFT_OPTIMIZATION_LEVEL = "-Onone";
			};
			name = Debug;
		};
		1BC06B982241B39800F6FEC6 /* Release */ = {
			isa = XCBuildConfiguration;
			buildSettings = {
				ALWAYS_SEARCH_USER_PATHS = NO;
				CLANG_ANALYZER_NONNULL = YES;
				CLANG_ANALYZER_NUMBER_OBJECT_CONVERSION = YES_AGGRESSIVE;
				CLANG_CXX_LANGUAGE_STANDARD = "gnu++14";
				CLANG_CXX_LIBRARY = "libc++";
				CLANG_ENABLE_MODULES = YES;
				CLANG_ENABLE_OBJC_ARC = YES;
				CLANG_ENABLE_OBJC_WEAK = YES;
				CLANG_WARN_BLOCK_CAPTURE_AUTORELEASING = YES;
				CLANG_WARN_BOOL_CONVERSION = YES;
				CLANG_WARN_COMMA = YES;
				CLANG_WARN_CONSTANT_CONVERSION = YES;
				CLANG_WARN_DEPRECATED_OBJC_IMPLEMENTATIONS = YES;
				CLANG_WARN_DIRECT_OBJC_ISA_USAGE = YES_ERROR;
				CLANG_WARN_DOCUMENTATION_COMMENTS = YES;
				CLANG_WARN_EMPTY_BODY = YES;
				CLANG_WARN_ENUM_CONVERSION = YES;
				CLANG_WARN_INFINITE_RECURSION = YES;
				CLANG_WARN_INT_CONVERSION = YES;
				CLANG_WARN_NON_LITERAL_NULL_CONVERSION = YES;
				CLANG_WARN_OBJC_IMPLICIT_RETAIN_SELF = YES;
				CLANG_WARN_OBJC_LITERAL_CONVERSION = YES;
				CLANG_WARN_OBJC_ROOT_CLASS = YES_ERROR;
				CLANG_WARN_RANGE_LOOP_ANALYSIS = YES;
				CLANG_WARN_STRICT_PROTOTYPES = YES;
				CLANG_WARN_SUSPICIOUS_MOVE = YES;
				CLANG_WARN_UNGUARDED_AVAILABILITY = YES_AGGRESSIVE;
				CLANG_WARN_UNREACHABLE_CODE = YES;
				CLANG_WARN__DUPLICATE_METHOD_MATCH = YES;
				CODE_SIGN_IDENTITY = "iPhone Developer";
				COPY_PHASE_STRIP = NO;
				DEBUG_INFORMATION_FORMAT = "dwarf-with-dsym";
				ENABLE_NS_ASSERTIONS = NO;
				ENABLE_STRICT_OBJC_MSGSEND = YES;
				GCC_C_LANGUAGE_STANDARD = gnu11;
				GCC_NO_COMMON_BLOCKS = YES;
				GCC_WARN_64_TO_32_BIT_CONVERSION = YES;
				GCC_WARN_ABOUT_RETURN_TYPE = YES_ERROR;
				GCC_WARN_UNDECLARED_SELECTOR = YES;
				GCC_WARN_UNINITIALIZED_AUTOS = YES_AGGRESSIVE;
				GCC_WARN_UNUSED_FUNCTION = YES;
				GCC_WARN_UNUSED_VARIABLE = YES;
				IPHONEOS_DEPLOYMENT_TARGET = 12.1;
				MTL_ENABLE_DEBUG_INFO = NO;
				MTL_FAST_MATH = YES;
				SDKROOT = iphoneos;
				SWIFT_COMPILATION_MODE = wholemodule;
				SWIFT_OPTIMIZATION_LEVEL = "-O";
				VALIDATE_PRODUCT = YES;
			};
			name = Release;
		};
		1BC06B9A2241B39800F6FEC6 /* Debug */ = {
			isa = XCBuildConfiguration;
			buildSettings = {
				ASSETCATALOG_COMPILER_APPICON_NAME = AppIcon;
				CODE_SIGN_STYLE = Automatic;
				DEVELOPMENT_TEAM = 76NHZS5Z7B;
				INFOPLIST_FILE = Apple1984/Info.plist;
				LD_RUNPATH_SEARCH_PATHS = (
					"$(inherited)",
					"@executable_path/Frameworks",
				);
				PRODUCT_BUNDLE_IDENTIFIER = com.mumu2plus.Apple1984;
				PRODUCT_NAME = "$(TARGET_NAME)";
				SWIFT_VERSION = 4.2;
				TARGETED_DEVICE_FAMILY = "1,2";
			};
			name = Debug;
		};
		1BC06B9B2241B39800F6FEC6 /* Release */ = {
			isa = XCBuildConfiguration;
			buildSettings = {
				ASSETCATALOG_COMPILER_APPICON_NAME = AppIcon;
				CODE_SIGN_STYLE = Automatic;
				DEVELOPMENT_TEAM = 76NHZS5Z7B;
				INFOPLIST_FILE = Apple1984/Info.plist;
				LD_RUNPATH_SEARCH_PATHS = (
					"$(inherited)",
					"@executable_path/Frameworks",
				);
				PRODUCT_BUNDLE_IDENTIFIER = com.mumu2plus.Apple1984;
				PRODUCT_NAME = "$(TARGET_NAME)";
				SWIFT_VERSION = 4.2;
				TARGETED_DEVICE_FAMILY = "1,2";
			};
			name = Release;
		};
/* End XCBuildConfiguration section */

/* Begin XCConfigurationList section */
		1BC06B802241B39700F6FEC6 /* Build configuration list for PBXProject "Apple1984" */ = {
			isa = XCConfigurationList;
			buildConfigurations = (
				1BC06B972241B39800F6FEC6 /* Debug */,
				1BC06B982241B39800F6FEC6 /* Release */,
			);
			defaultConfigurationIsVisible = 0;
			defaultConfigurationName = Release;
		};
		1BC06B992241B39800F6FEC6 /* Build configuration list for PBXNativeTarget "Apple1984" */ = {
			isa = XCConfigurationList;
			buildConfigurations = (
				1BC06B9A2241B39800F6FEC6 /* Debug */,
				1BC06B9B2241B39800F6FEC6 /* Release */,
			);
			defaultConfigurationIsVisible = 0;
			defaultConfigurationName = Release;
		};
/* End XCConfigurationList section */
	};
	rootObject = 1BC06B7D2241B39700F6FEC6 /* Project object */;
}
